
Microsoft Visual Studio Solution File, Format Version 12.00
Project("{FAE04EC0-301F-11D3-BF4B-00C04F79EFBC}") = "Cifrado RSA", "Cifrado RSA\Cifrado RSA.csproj", "{CB0DF9F0-5C63-456D-9EC7-AFDBBF00FD11}"
EndProject
Global
	GlobalSection(SolutionConfigurationPlatforms) = preSolution
		Debug|Any CPU = Debug|Any CPU
		Release|Any CPU = Release|Any CPU
	EndGlobalSection
	GlobalSection(ProjectConfigurationPlatforms) = postSolution
		{CB0DF9F0-5C63-456D-9EC7-AFDBBF00FD11}.Debug|Any CPU.ActiveCfg = Debug|Any CPU
		{CB0DF9F0-5C63-456D-9EC7-AFDBBF00FD11}.Debug|Any CPU.Build.0 = Debug|Any CPU
		{CB0DF9F0-5C63-456D-9EC7-AFDBBF00FD11}.Release|Any CPU.ActiveCfg = Release|Any CPU
		{CB0DF9F0-5C63-456D-9EC7-AFDBBF00FD11}.Release|Any CPU.Build.0 = Release|Any CPU
	EndGlobalSection
EndGlobal
